
Microsoft Visual Studio Solution File, Format Version 12.00
# Visual Studio 15
VisualStudioVersion = 15.0.27004.2005
MinimumVisualStudioVersion = 10.0.40219.1
Project("{2150E333-8FDC-42A3-9474-1A3956D46DE8}") = "Solution Items", "Solution Items", "{99C114EA-4C77-4178-AAF0-BEC7B59F9E1E}"
EndProject
Project("{9A19103F-16F7-4668-BE54-9A1E7A4F7556}") = "Blog.Data", "Blog.Data\Blog.Data.csproj", "{5F8CF925-D963-46CB-A8F3-ADF7A3EFAFAF}"
EndProject
Project("{9A19103F-16F7-4668-BE54-9A1E7A4F7556}") = "Blog.Domain", "Blog.Domain\Blog.Domain.csproj", "{976A27EC-6E88-4B75-A2FF-6DE62C5AA06C}"
EndProject
Project("{9A19103F-16F7-4668-BE54-9A1E7A4F7556}") = "Blog.Web", "Blog.Web\Blog.Web.csproj", "{1071E5F8-824A-47AF-AE89-E1BB5B3B26CF}"
EndProject
Project("{00D1A9C2-B5F0-4AF3-8072-F6C62B433612}") = "Blog.Database", "Blog.Database\Blog.Database.sqlproj", "{F140667B-6B98-4A46-BBDD-02AF549EB8C5}"
EndProject
Project("{9A19103F-16F7-4668-BE54-9A1E7A4F7556}") = "Blog.SearchIndexer", "Blog.SearchIndexer\Blog.SearchIndexer.csproj", "{34FFC910-490D-4B81-9F51-630A85D46A67}"
EndProject
Project("{9A19103F-16F7-4668-BE54-9A1E7A4F7556}") = "Blog.AzureFunctions", "Blog.AzureFunctions\Blog.AzureFunctions.csproj", "{B25611AF-992F-4F0F-9825-301885EC8125}"
EndProject
Global
	GlobalSection(SolutionConfigurationPlatforms) = preSolution
		Debug|Any CPU = Debug|Any CPU
		Release|Any CPU = Release|Any CPU
	EndGlobalSection
	GlobalSection(ProjectConfigurationPlatforms) = postSolution
		{5F8CF925-D963-46CB-A8F3-ADF7A3EFAFAF}.Debug|Any CPU.ActiveCfg = Debug|Any CPU
		{5F8CF925-D963-46CB-A8F3-ADF7A3EFAFAF}.Debug|Any CPU.Build.0 = Debug|Any CPU
		{5F8CF925-D963-46CB-A8F3-ADF7A3EFAFAF}.Release|Any CPU.ActiveCfg = Release|Any CPU
		{5F8CF925-D963-46CB-A8F3-ADF7A3EFAFAF}.Release|Any CPU.Build.0 = Release|Any CPU
		{976A27EC-6E88-4B75-A2FF-6DE62C5AA06C}.Debug|Any CPU.ActiveCfg = Debug|Any CPU
		{976A27EC-6E88-4B75-A2FF-6DE62C5AA06C}.Debug|Any CPU.Build.0 = Debug|Any CPU
		{976A27EC-6E88-4B75-A2FF-6DE62C5AA06C}.Release|Any CPU.ActiveCfg = Release|Any CPU
		{976A27EC-6E88-4B75-A2FF-6DE62C5AA06C}.Release|Any CPU.Build.0 = Release|Any CPU
		{1071E5F8-824A-47AF-AE89-E1BB5B3B26CF}.Debug|Any CPU.ActiveCfg = Debug|Any CPU
		{1071E5F8-824A-47AF-AE89-E1BB5B3B26CF}.Debug|Any CPU.Build.0 = Debug|Any CPU
		{1071E5F8-824A-47AF-AE89-E1BB5B3B26CF}.Release|Any CPU.ActiveCfg = Release|Any CPU
		{1071E5F8-824A-47AF-AE89-E1BB5B3B26CF}.Release|Any CPU.Build.0 = Release|Any CPU
		{F140667B-6B98-4A46-BBDD-02AF549EB8C5}.Debug|Any CPU.ActiveCfg = Debug|Any CPU
		{F140667B-6B98-4A46-BBDD-02AF549EB8C5}.Debug|Any CPU.Build.0 = Debug|Any CPU
		{F140667B-6B98-4A46-BBDD-02AF549EB8C5}.Debug|Any CPU.Deploy.0 = Debug|Any CPU
		{F140667B-6B98-4A46-BBDD-02AF549EB8C5}.Release|Any CPU.ActiveCfg = Release|Any CPU
		{F140667B-6B98-4A46-BBDD-02AF549EB8C5}.Release|Any CPU.Build.0 = Release|Any CPU
		{F140667B-6B98-4A46-BBDD-02AF549EB8C5}.Release|Any CPU.Deploy.0 = Release|Any CPU
		{34FFC910-490D-4B81-9F51-630A85D46A67}.Debug|Any CPU.ActiveCfg = Debug|Any CPU
		{34FFC910-490D-4B81-9F51-630A85D46A67}.Debug|Any CPU.Build.0 = Debug|Any CPU
		{34FFC910-490D-4B81-9F51-630A85D46A67}.Release|Any CPU.ActiveCfg = Release|Any CPU
		{34FFC910-490D-4B81-9F51-630A85D46A67}.Release|Any CPU.Build.0 = Release|Any CPU
		{B25611AF-992F-4F0F-9825-301885EC8125}.Debug|Any CPU.ActiveCfg = Debug|Any CPU
		{B25611AF-992F-4F0F-9825-301885EC8125}.Debug|Any CPU.Build.0 = Debug|Any CPU
		{B25611AF-992F-4F0F-9825-301885EC8125}.Release|Any CPU.ActiveCfg = Release|Any CPU
		{B25611AF-992F-4F0F-9825-301885EC8125}.Release|Any CPU.Build.0 = Release|Any CPU
	EndGlobalSection
	GlobalSection(SolutionProperties) = preSolution
		HideSolutionNode = FALSE
	EndGlobalSection
	GlobalSection(ExtensibilityGlobals) = postSolution
		SolutionGuid = {218A9262-5AE1-48C6-B438-C8A674214DE8}
	EndGlobalSection
EndGlobal
